
Microsoft Visual Studio Solution File, Format Version 12.00
# Visual Studio Version 17
VisualStudioVersion = 17.8.34525.116
MinimumVisualStudioVersion = 10.0.40219.1
Project("{9A19103F-16F7-4668-BE54-9A1E7A4F7556}") = "TaskScheduler", "TaskScheduler\TaskScheduler.csproj", "{7B6BE65E-EBA4-4E45-9642-6746EBF02088}"
EndProject
Project("{FAE04EC0-301F-11D3-BF4B-00C04F79EFBC}") = "Worker.Persistance", "Worker.Persistance\Worker.Persistance.csproj", "{872A694B-BCBA-4E57-BA56-422D048D394D}"
EndProject
Project("{FAE04EC0-301F-11D3-BF4B-00C04F79EFBC}") = "Worker.Contracts", "Worker.Contracts\Worker.Contracts.csproj", "{808B72F1-ACBB-4509-95B1-E9FDB329EE47}"
EndProject
Project("{FAE04EC0-301F-11D3-BF4B-00C04F79EFBC}") = "QuartzProject", "QuartzProject\QuartzProject.csproj", "{E7D127CA-E60A-4AAA-B593-4B0C61AFDC04}"
EndProject
Global
	GlobalSection(SolutionConfigurationPlatforms) = preSolution
		Debug|Any CPU = Debug|Any CPU
		Release|Any CPU = Release|Any CPU
	EndGlobalSection
	GlobalSection(ProjectConfigurationPlatforms) = postSolution
		{7B6BE65E-EBA4-4E45-9642-6746EBF02088}.Debug|Any CPU.ActiveCfg = Debug|Any CPU
		{7B6BE65E-EBA4-4E45-9642-6746EBF02088}.Debug|Any CPU.Build.0 = Debug|Any CPU
		{7B6BE65E-EBA4-4E45-9642-6746EBF02088}.Release|Any CPU.ActiveCfg = Release|Any CPU
		{7B6BE65E-EBA4-4E45-9642-6746EBF02088}.Release|Any CPU.Build.0 = Release|Any CPU
		{872A694B-BCBA-4E57-BA56-422D048D394D}.Debug|Any CPU.ActiveCfg = Debug|Any CPU
		{872A694B-BCBA-4E57-BA56-422D048D394D}.Debug|Any CPU.Build.0 = Debug|Any CPU
		{872A694B-BCBA-4E57-BA56-422D048D394D}.Release|Any CPU.ActiveCfg = Release|Any CPU
		{872A694B-BCBA-4E57-BA56-422D048D394D}.Release|Any CPU.Build.0 = Release|Any CPU
		{808B72F1-ACBB-4509-95B1-E9FDB329EE47}.Debug|Any CPU.ActiveCfg = Debug|Any CPU
		{808B72F1-ACBB-4509-95B1-E9FDB329EE47}.Debug|Any CPU.Build.0 = Debug|Any CPU
		{808B72F1-ACBB-4509-95B1-E9FDB329EE47}.Release|Any CPU.ActiveCfg = Release|Any CPU
		{808B72F1-ACBB-4509-95B1-E9FDB329EE47}.Release|Any CPU.Build.0 = Release|Any CPU
		{E7D127CA-E60A-4AAA-B593-4B0C61AFDC04}.Debug|Any CPU.ActiveCfg = Debug|Any CPU
		{E7D127CA-E60A-4AAA-B593-4B0C61AFDC04}.Debug|Any CPU.Build.0 = Debug|Any CPU
		{E7D127CA-E60A-4AAA-B593-4B0C61AFDC04}.Release|Any CPU.ActiveCfg = Release|Any CPU
		{E7D127CA-E60A-4AAA-B593-4B0C61AFDC04}.Release|Any CPU.Build.0 = Release|Any CPU
	EndGlobalSection
	GlobalSection(SolutionProperties) = preSolution
		HideSolutionNode = FALSE
	EndGlobalSection
	GlobalSection(ExtensibilityGlobals) = postSolution
		SolutionGuid = {FCB3C47D-FD2B-4BF8-8250-AC78F2FDAC7A}
	EndGlobalSection
EndGlobal
